
Microsoft Visual Studio Solution File, Format Version 12.00
# Visual Studio Version 17
VisualStudioVersion = 17.9.34616.47
MinimumVisualStudioVersion = 10.0.40219.1
Project("{FAE04EC0-301F-11D3-BF4B-00C04F79EFBC}") = "task Encapsulation", "task Encapsulation\task Encapsulation.csproj", "{D07B7D52-5E64-42FE-A3F1-C8AB761A624E}"
EndProject
Global
	GlobalSection(SolutionConfigurationPlatforms) = preSolution
		Debug|Any CPU = Debug|Any CPU
		Release|Any CPU = Release|Any CPU
	EndGlobalSection
	GlobalSection(ProjectConfigurationPlatforms) = postSolution
		{D07B7D52-5E64-42FE-A3F1-C8AB761A624E}.Debug|Any CPU.ActiveCfg = Debug|Any CPU
		{D07B7D52-5E64-42FE-A3F1-C8AB761A624E}.Debug|Any CPU.Build.0 = Debug|Any CPU
		{D07B7D52-5E64-42FE-A3F1-C8AB761A624E}.Release|Any CPU.ActiveCfg = Release|Any CPU
		{D07B7D52-5E64-42FE-A3F1-C8AB761A624E}.Release|Any CPU.Build.0 = Release|Any CPU
	EndGlobalSection
	GlobalSection(SolutionProperties) = preSolution
		HideSolutionNode = FALSE
	EndGlobalSection
	GlobalSection(ExtensibilityGlobals) = postSolution
		SolutionGuid = {CEE022A1-75F4-45F0-AED9-99B637D4D013}
	EndGlobalSection
EndGlobal
